// !$*UTF8*$!
{
	archiveVersion = 1;
	classes = {
	};
	objectVersion = 50;
	objects = {

/* Begin PBXBuildFile section */
		70F3BF1C2522821600E0D2F6 /* AppDelegate.m in Sources */ = {isa = PBXBuildFile; fileRef = 70F3BF1B2522821600E0D2F6 /* AppDelegate.m */; };
		70F3BF1F2522821600E0D2F6 /* SceneDelegate.m in Sources */ = {isa = PBXBuildFile; fileRef = 70F3BF1E2522821600E0D2F6 /* SceneDelegate.m */; };
		70F3BF252522821600E0D2F6 /* Main.storyboard in Resources */ = {isa = PBXBuildFile; fileRef = 70F3BF232522821600E0D2F6 /* Main.storyboard */; };
		70F3BF272522821600E0D2F6 /* Assets.xcassets in Resources */ = {isa = PBXBuildFile; fileRef = 70F3BF262522821600E0D2F6 /* Assets.xcassets */; };
		70F3BF2A2522821600E0D2F6 /* LaunchScreen.storyboard in Resources */ = {isa = PBXBuildFile; fileRef = 70F3BF282522821600E0D2F6 /* LaunchScreen.storyboard */; };
		70F3BF2D2522821600E0D2F6 /* main.m in Sources */ = {isa = PBXBuildFile; fileRef = 70F3BF2C2522821600E0D2F6 /* main.m */; };
		70F3BF452522840900E0D2F6 /* CEVEntry.m in Sources */ = {isa = PBXBuildFile; fileRef = 70F3BF442522840900E0D2F6 /* CEVEntry.m */; };
		70F3BF4C252287AA00E0D2F6 /* CEVEntryController.m in Sources */ = {isa = PBXBuildFile; fileRef = 70F3BF4B252287AA00E0D2F6 /* CEVEntryController.m */; };
		70F3BF5125229EED00E0D2F6 /* CEVEntryListTableViewController.m in Sources */ = {isa = PBXBuildFile; fileRef = 70F3BF5025229EED00E0D2F6 /* CEVEntryListTableViewController.m */; };
		70F3BF5525229F0B00E0D2F6 /* CEVEntryViewController.m in Sources */ = {isa = PBXBuildFile; fileRef = 70F3BF5425229F0B00E0D2F6 /* CEVEntryViewController.m */; };
/* End PBXBuildFile section */

/* Begin PBXFileReference section */
		70F3BF172522821600E0D2F6 /* JournalOBJC.app */ = {isa = PBXFileReference; explicitFileType = wrapper.application; includeInIndex = 0; path = JournalOBJC.app; sourceTree = BUILT_PRODUCTS_DIR; };
		70F3BF1A2522821600E0D2F6 /* AppDelegate.h */ = {isa = PBXFileReference; lastKnownFileType = sourcecode.c.h; path = AppDelegate.h; sourceTree = "<group>"; };
		70F3BF1B2522821600E0D2F6 /* AppDelegate.m */ = {isa = PBXFileReference; lastKnownFileType = sourcecode.c.objc; path = AppDelegate.m; sourceTree = "<group>"; };
		70F3BF1D2522821600E0D2F6 /* SceneDelegate.h */ = {isa = PBXFileReference; lastKnownFileType = sourcecode.c.h; path = SceneDelegate.h; sourceTree = "<group>"; };
		70F3BF1E2522821600E0D2F6 /* SceneDelegate.m */ = {isa = PBXFileReference; lastKnownFileType = sourcecode.c.objc; path = SceneDelegate.m; sourceTree = "<group>"; };
		70F3BF242522821600E0D2F6 /* Base */ = {isa = PBXFileReference; lastKnownFileType = file.storyboard; name = Base; path = Base.lproj/Main.storyboard; sourceTree = "<group>"; };
		70F3BF262522821600E0D2F6 /* Assets.xcassets */ = {isa = PBXFileReference; lastKnownFileType = folder.assetcatalog; path = Assets.xcassets; sourceTree = "<group>"; };
		70F3BF292522821600E0D2F6 /* Base */ = {isa = PBXFileReference; lastKnownFileType = file.storyboard; name = Base; path = Base.lproj/LaunchScreen.storyboard; sourceTree = "<group>"; };
		70F3BF2B2522821600E0D2F6 /* Info.plist */ = {isa = PBXFileReference; lastKnownFileType = text.plist.xml; path = Info.plist; sourceTree = "<group>"; };
		70F3BF2C2522821600E0D2F6 /* main.m */ = {isa = PBXFileReference; lastKnownFileType = sourcecode.c.objc; path = main.m; sourceTree = "<group>"; };
		70F3BF432522840900E0D2F6 /* CEVEntry.h */ = {isa = PBXFileReference; lastKnownFileType = sourcecode.c.h; path = CEVEntry.h; sourceTree = "<group>"; };
		70F3BF442522840900E0D2F6 /* CEVEntry.m */ = {isa = PBXFileReference; lastKnownFileType = sourcecode.c.objc; path = CEVEntry.m; sourceTree = "<group>"; };
		70F3BF4A252287AA00E0D2F6 /* CEVEntryController.h */ = {isa = PBXFileReference; lastKnownFileType = sourcecode.c.h; path = CEVEntryController.h; sourceTree = "<group>"; };
		70F3BF4B252287AA00E0D2F6 /* CEVEntryController.m */ = {isa = PBXFileReference; lastKnownFileType = sourcecode.c.objc; path = CEVEntryController.m; sourceTree = "<group>"; };
		70F3BF4F25229EED00E0D2F6 /* CEVEntryListTableViewController.h */ = {isa = PBXFileReference; lastKnownFileType = sourcecode.c.h; path = CEVEntryListTableViewController.h; sourceTree = "<group>"; };
		70F3BF5025229EED00E0D2F6 /* CEVEntryListTableViewController.m */ = {isa = PBXFileReference; lastKnownFileType = sourcecode.c.objc; path = CEVEntryListTableViewController.m; sourceTree = "<group>"; };
		70F3BF5325229F0B00E0D2F6 /* CEVEntryViewController.h */ = {isa = PBXFileReference; lastKnownFileType = sourcecode.c.h; path = CEVEntryViewController.h; sourceTree = "<group>"; };
		70F3BF5425229F0B00E0D2F6 /* CEVEntryViewController.m */ = {isa = PBXFileReference; lastKnownFileType = sourcecode.c.objc; path = CEVEntryViewController.m; sourceTree = "<group>"; };
/* End PBXFileReference section */

/* Begin PBXFrameworksBuildPhase section */
		70F3BF142522821600E0D2F6 /* Frameworks */ = {
			isa = PBXFrameworksBuildPhase;
			buildActionMask = 2147483647;
			files = (
			);
			runOnlyForDeploymentPostprocessing = 0;
		};
/* End PBXFrameworksBuildPhase section */

/* Begin PBXGroup section */
		70F3BF0E2522821500E0D2F6 = {
			isa = PBXGroup;
			children = (
				70F3BF192522821600E0D2F6 /* JournalOBJC */,
				70F3BF182522821600E0D2F6 /* Products */,
			);
			sourceTree = "<group>";
		};
		70F3BF182522821600E0D2F6 /* Products */ = {
			isa = PBXGroup;
			children = (
				70F3BF172522821600E0D2F6 /* JournalOBJC.app */,
			);
			name = Products;
			sourceTree = "<group>";
		};
		70F3BF192522821600E0D2F6 /* JournalOBJC */ = {
			isa = PBXGroup;
			children = (
				70F3BF472522876600E0D2F6 /* Controllers */,
				70F3BF3B2522830900E0D2F6 /* Models */,
				70F3BF342522822C00E0D2F6 /* Resources */,
				70F3BF39252282A100E0D2F6 /* Views */,
			);
			path = JournalOBJC;
			sourceTree = "<group>";
		};
		70F3BF342522822C00E0D2F6 /* Resources */ = {
			isa = PBXGroup;
			children = (
				70F3BF1A2522821600E0D2F6 /* AppDelegate.h */,
				70F3BF1B2522821600E0D2F6 /* AppDelegate.m */,
				70F3BF1D2522821600E0D2F6 /* SceneDelegate.h */,
				70F3BF1E2522821600E0D2F6 /* SceneDelegate.m */,
				70F3BF262522821600E0D2F6 /* Assets.xcassets */,
				70F3BF282522821600E0D2F6 /* LaunchScreen.storyboard */,
				70F3BF2B2522821600E0D2F6 /* Info.plist */,
				70F3BF2C2522821600E0D2F6 /* main.m */,
			);
			path = Resources;
			sourceTree = "<group>";
		};
		70F3BF382522828600E0D2F6 /* Storyboards */ = {
			isa = PBXGroup;
			children = (
				70F3BF232522821600E0D2F6 /* Main.storyboard */,
			);
			path = Storyboards;
			sourceTree = "<group>";
		};
		70F3BF39252282A100E0D2F6 /* Views */ = {
			isa = PBXGroup;
			children = (
				70F3BF382522828600E0D2F6 /* Storyboards */,
			);
			path = Views;
			sourceTree = "<group>";
		};
		70F3BF3B2522830900E0D2F6 /* Models */ = {
			isa = PBXGroup;
			children = (
				70F3BF432522840900E0D2F6 /* CEVEntry.h */,
				70F3BF442522840900E0D2F6 /* CEVEntry.m */,
			);
			path = Models;
			sourceTree = "<group>";
		};
		70F3BF472522876600E0D2F6 /* Controllers */ = {
			isa = PBXGroup;
			children = (
				70F3BF492522878100E0D2F6 /* ViewControllers */,
				70F3BF482522877700E0D2F6 /* ModelControllers */,
			);
			path = Controllers;
			sourceTree = "<group>";
		};
		70F3BF482522877700E0D2F6 /* ModelControllers */ = {
			isa = PBXGroup;
			children = (
				70F3BF4A252287AA00E0D2F6 /* CEVEntryController.h */,
				70F3BF4B252287AA00E0D2F6 /* CEVEntryController.m */,
			);
			path = ModelControllers;
			sourceTree = "<group>";
		};
		70F3BF492522878100E0D2F6 /* ViewControllers */ = {
			isa = PBXGroup;
			children = (
				70F3BF4F25229EED00E0D2F6 /* CEVEntryListTableViewController.h */,
				70F3BF5025229EED00E0D2F6 /* CEVEntryListTableViewController.m */,
				70F3BF5325229F0B00E0D2F6 /* CEVEntryViewController.h */,
				70F3BF5425229F0B00E0D2F6 /* CEVEntryViewController.m */,
			);
			path = ViewControllers;
			sourceTree = "<group>";
		};
/* End PBXGroup section */

/* Begin PBXNativeTarget section */
		70F3BF162522821600E0D2F6 /* JournalOBJC */ = {
			isa = PBXNativeTarget;
			buildConfigurationList = 70F3BF302522821600E0D2F6 /* Build configuration list for PBXNativeTarget "JournalOBJC" */;
			buildPhases = (
				70F3BF132522821600E0D2F6 /* Sources */,
				70F3BF142522821600E0D2F6 /* Frameworks */,
				70F3BF152522821600E0D2F6 /* Resources */,
			);
			buildRules = (
			);
			dependencies = (
			);
			name = JournalOBJC;
			productName = JournalOBJC;
			productReference = 70F3BF172522821600E0D2F6 /* JournalOBJC.app */;
			productType = "com.apple.product-type.application";
		};
/* End PBXNativeTarget section */

/* Begin PBXProject section */
		70F3BF0F2522821500E0D2F6 /* Project object */ = {
			isa = PBXProject;
			attributes = {
				LastUpgradeCheck = 1200;
				TargetAttributes = {
					70F3BF162522821600E0D2F6 = {
						CreatedOnToolsVersion = 12.0.1;
					};
				};
			};
			buildConfigurationList = 70F3BF122522821500E0D2F6 /* Build configuration list for PBXProject "JournalOBJC" */;
			compatibilityVersion = "Xcode 9.3";
			developmentRegion = en;
			hasScannedForEncodings = 0;
			knownRegions = (
				en,
				Base,
			);
			mainGroup = 70F3BF0E2522821500E0D2F6;
			productRefGroup = 70F3BF182522821600E0D2F6 /* Products */;
			projectDirPath = "";
			projectRoot = "";
			targets = (
				70F3BF162522821600E0D2F6 /* JournalOBJC */,
			);
		};
/* End PBXProject section */

/* Begin PBXResourcesBuildPhase section */
		70F3BF152522821600E0D2F6 /* Resources */ = {
			isa = PBXResourcesBuildPhase;
			buildActionMask = 2147483647;
			files = (
				70F3BF2A2522821600E0D2F6 /* LaunchScreen.storyboard in Resources */,
				70F3BF272522821600E0D2F6 /* Assets.xcassets in Resources */,
				70F3BF252522821600E0D2F6 /* Main.storyboard in Resources */,
			);
			runOnlyForDeploymentPostprocessing = 0;
		};
/* End PBXResourcesBuildPhase section */

/* Begin PBXSourcesBuildPhase section */
		70F3BF132522821600E0D2F6 /* Sources */ = {
			isa = PBXSourcesBuildPhase;
			buildActionMask = 2147483647;
			files = (
				70F3BF1C2522821600E0D2F6 /* AppDelegate.m in Sources */,
				70F3BF5525229F0B00E0D2F6 /* CEVEntryViewController.m in Sources */,
				70F3BF452522840900E0D2F6 /* CEVEntry.m in Sources */,
				70F3BF2D2522821600E0D2F6 /* main.m in Sources */,
				70F3BF5125229EED00E0D2F6 /* CEVEntryListTableViewController.m in Sources */,
				70F3BF4C252287AA00E0D2F6 /* CEVEntryController.m in Sources */,
				70F3BF1F2522821600E0D2F6 /* SceneDelegate.m in Sources */,
			);
			runOnlyForDeploymentPostprocessing = 0;
		};
/* End PBXSourcesBuildPhase section */

/* Begin PBXVariantGroup section */
		70F3BF232522821600E0D2F6 /* Main.storyboard */ = {
			isa = PBXVariantGroup;
			children = (
				70F3BF242522821600E0D2F6 /* Base */,
			);
			name = Main.storyboard;
			sourceTree = "<group>";
		};
		70F3BF282522821600E0D2F6 /* LaunchScreen.storyboard */ = {
			isa = PBXVariantGroup;
			children = (
				70F3BF292522821600E0D2F6 /* Base */,
			);
			name = LaunchScreen.storyboard;
			sourceTree = "<group>";
		};
/* End PBXVariantGroup section */

/* Begin XCBuildConfiguration section */
		70F3BF2E2522821600E0D2F6 /* Debug */ = {
			isa = XCBuildConfiguration;
			buildSettings = {
				ALWAYS_SEARCH_USER_PATHS = NO;
				CLANG_ANALYZER_NONNULL = YES;
				CLANG_ANALYZER_NUMBER_OBJECT_CONVERSION = YES_AGGRESSIVE;
				CLANG_CXX_LANGUAGE_STANDARD = "gnu++14";
				CLANG_CXX_LIBRARY = "libc++";
				CLANG_ENABLE_MODULES = YES;
				CLANG_ENABLE_OBJC_ARC = YES;
				CLANG_ENABLE_OBJC_WEAK = YES;
				CLANG_WARN_BLOCK_CAPTURE_AUTORELEASING = YES;
				CLANG_WARN_BOOL_CONVERSION = YES;
				CLANG_WARN_COMMA = YES;
				CLANG_WARN_CONSTANT_CONVERSION = YES;
				CLANG_WARN_DEPRECATED_OBJC_IMPLEMENTATIONS = YES;
				CLANG_WARN_DIRECT_OBJC_ISA_USAGE = YES_ERROR;
				CLANG_WARN_DOCUMENTATION_COMMENTS = YES;
				CLANG_WARN_EMPTY_BODY = YES;
				CLANG_WARN_ENUM_CONVERSION = YES;
				CLANG_WARN_INFINITE_RECURSION = YES;
				CLANG_WARN_INT_CONVERSION = YES;
				CLANG_WARN_NON_LITERAL_NULL_CONVERSION = YES;
				CLANG_WARN_OBJC_IMPLICIT_RETAIN_SELF = YES;
				CLANG_WARN_OBJC_LITERAL_CONVERSION = YES;
				CLANG_WARN_OBJC_ROOT_CLASS = YES_ERROR;
				CLANG_WARN_QUOTED_INCLUDE_IN_FRAMEWORK_HEADER = YES;
				CLANG_WARN_RANGE_LOOP_ANALYSIS = YES;
				CLANG_WARN_STRICT_PROTOTYPES = YES;
				CLANG_WARN_SUSPICIOUS_MOVE = YES;
				CLANG_WARN_UNGUARDED_AVAILABILITY = YES_AGGRESSIVE;
				CLANG_WARN_UNREACHABLE_CODE = YES;
				CLANG_WARN__DUPLICATE_METHOD_MATCH = YES;
				COPY_PHASE_STRIP = NO;
				DEBUG_INFORMATION_FORMAT = dwarf;
				ENABLE_STRICT_OBJC_MSGSEND = YES;
				ENABLE_TESTABILITY = YES;
				GCC_C_LANGUAGE_STANDARD = gnu11;
				GCC_DYNAMIC_NO_PIC = NO;
				GCC_NO_COMMON_BLOCKS = YES;
				GCC_OPTIMIZATION_LEVEL = 0;
				GCC_PREPROCESSOR_DEFINITIONS = (
					"DEBUG=1",
					"$(inherited)",
				);
				GCC_WARN_64_TO_32_BIT_CONVERSION = YES;
				GCC_WARN_ABOUT_RETURN_TYPE = YES_ERROR;
				GCC_WARN_UNDECLARED_SELECTOR = YES;
				GCC_WARN_UNINITIALIZED_AUTOS = YES_AGGRESSIVE;
				GCC_WARN_UNUSED_FUNCTION = YES;
				GCC_WARN_UNUSED_VARIABLE = YES;
				IPHONEOS_DEPLOYMENT_TARGET = 14.0;
				MTL_ENABLE_DEBUG_INFO = INCLUDE_SOURCE;
				MTL_FAST_MATH = YES;
				ONLY_ACTIVE_ARCH = YES;
				SDKROOT = iphoneos;
			};
			name = Debug;
		};
		70F3BF2F2522821600E0D2F6 /* Release */ = {
			isa = XCBuildConfiguration;
			buildSettings = {
				ALWAYS_SEARCH_USER_PATHS = NO;
				CLANG_ANALYZER_NONNULL = YES;
				CLANG_ANALYZER_NUMBER_OBJECT_CONVERSION = YES_AGGRESSIVE;
				CLANG_CXX_LANGUAGE_STANDARD = "gnu++14";
				CLANG_CXX_LIBRARY = "libc++";
				CLANG_ENABLE_MODULES = YES;
				CLANG_ENABLE_OBJC_ARC = YES;
				CLANG_ENABLE_OBJC_WEAK = YES;
				CLANG_WARN_BLOCK_CAPTURE_AUTORELEASING = YES;
				CLANG_WARN_BOOL_CONVERSION = YES;
				CLANG_WARN_COMMA = YES;
				CLANG_WARN_CONSTANT_CONVERSION = YES;
				CLANG_WARN_DEPRECATED_OBJC_IMPLEMENTATIONS = YES;
				CLANG_WARN_DIRECT_OBJC_ISA_USAGE = YES_ERROR;
				CLANG_WARN_DOCUMENTATION_COMMENTS = YES;
				CLANG_WARN_EMPTY_BODY = YES;
				CLANG_WARN_ENUM_CONVERSION = YES;
				CLANG_WARN_INFINITE_RECURSION = YES;
				CLANG_WARN_INT_CONVERSION = YES;
				CLANG_WARN_NON_LITERAL_NULL_CONVERSION = YES;
				CLANG_WARN_OBJC_IMPLICIT_RETAIN_SELF = YES;
				CLANG_WARN_OBJC_LITERAL_CONVERSION = YES;
				CLANG_WARN_OBJC_ROOT_CLASS = YES_ERROR;
				CLANG_WARN_QUOTED_INCLUDE_IN_FRAMEWORK_HEADER = YES;
				CLANG_WARN_RANGE_LOOP_ANALYSIS = YES;
				CLANG_WARN_STRICT_PROTOTYPES = YES;
				CLANG_WARN_SUSPICIOUS_MOVE = YES;
				CLANG_WARN_UNGUARDED_AVAILABILITY = YES_AGGRESSIVE;
				CLANG_WARN_UNREACHABLE_CODE = YES;
				CLANG_WARN__DUPLICATE_METHOD_MATCH = YES;
				COPY_PHASE_STRIP = NO;
				DEBUG_INFORMATION_FORMAT = "dwarf-with-dsym";
				ENABLE_NS_ASSERTIONS = NO;
				ENABLE_STRICT_OBJC_MSGSEND = YES;
				GCC_C_LANGUAGE_STANDARD = gnu11;
				GCC_NO_COMMON_BLOCKS = YES;
				GCC_WARN_64_TO_32_BIT_CONVERSION = YES;
				GCC_WARN_ABOUT_RETURN_TYPE = YES_ERROR;
				GCC_WARN_UNDECLARED_SELECTOR = YES;
				GCC_WARN_UNINITIALIZED_AUTOS = YES_AGGRESSIVE;
				GCC_WARN_UNUSED_FUNCTION = YES;
				GCC_WARN_UNUSED_VARIABLE = YES;
				IPHONEOS_DEPLOYMENT_TARGET = 14.0;
				MTL_ENABLE_DEBUG_INFO = NO;
				MTL_FAST_MATH = YES;
				SDKROOT = iphoneos;
				VALIDATE_PRODUCT = YES;
			};
			name = Release;
		};
		70F3BF312522821600E0D2F6 /* Debug */ = {
			isa = XCBuildConfiguration;
			buildSettings = {
				ASSETCATALOG_COMPILER_APPICON_NAME = AppIcon;
				ASSETCATALOG_COMPILER_GLOBAL_ACCENT_COLOR_NAME = AccentColor;
				CODE_SIGN_STYLE = Automatic;
				INFOPLIST_FILE = JournalOBJC/Resources/Info.plist;
				LD_RUNPATH_SEARCH_PATHS = (
					"$(inherited)",
					"@executable_path/Frameworks",
				);
				PRODUCT_BUNDLE_IDENTIFIER = com.ClarissaVinciguerra.JournalOBJC;
				PRODUCT_NAME = "$(TARGET_NAME)";
				TARGETED_DEVICE_FAMILY = "1,2";
			};
			name = Debug;
		};
		70F3BF322522821600E0D2F6 /* Release */ = {
			isa = XCBuildConfiguration;
			buildSettings = {
				ASSETCATALOG_COMPILER_APPICON_NAME = AppIcon;
				ASSETCATALOG_COMPILER_GLOBAL_ACCENT_COLOR_NAME = AccentColor;
				CODE_SIGN_STYLE = Automatic;
				INFOPLIST_FILE = JournalOBJC/Resources/Info.plist;
				LD_RUNPATH_SEARCH_PATHS = (
					"$(inherited)",
					"@executable_path/Frameworks",
				);
				PRODUCT_BUNDLE_IDENTIFIER = com.ClarissaVinciguerra.JournalOBJC;
				PRODUCT_NAME = "$(TARGET_NAME)";
				TARGETED_DEVICE_FAMILY = "1,2";
			};
			name = Release;
		};
/* End XCBuildConfiguration section */

/* Begin XCConfigurationList section */
		70F3BF122522821500E0D2F6 /* Build configuration list for PBXProject "JournalOBJC" */ = {
			isa = XCConfigurationList;
			buildConfigurations = (
				70F3BF2E2522821600E0D2F6 /* Debug */,
				70F3BF2F2522821600E0D2F6 /* Release */,
			);
			defaultConfigurationIsVisible = 0;
			defaultConfigurationName = Release;
		};
		70F3BF302522821600E0D2F6 /* Build configuration list for PBXNativeTarget "JournalOBJC" */ = {
			isa = XCConfigurationList;
			buildConfigurations = (
				70F3BF312522821600E0D2F6 /* Debug */,
				70F3BF322522821600E0D2F6 /* Release */,
			);
			defaultConfigurationIsVisible = 0;
			defaultConfigurationName = Release;
		};
/* End XCConfigurationList section */
	};
	rootObject = 70F3BF0F2522821500E0D2F6 /* Project object */;
}
